
Microsoft Visual Studio Solution File, Format Version 12.00
# Visual Studio Version 16
VisualStudioVersion = 16.0.30114.105
MinimumVisualStudioVersion = 10.0.40219.1
Project("{FAE04EC0-301F-11D3-BF4B-00C04F79EFBC}") = "API", "API\API.csproj", "{90E919B6-E0D0-4319-91C3-738B94991C6B}"
EndProject
Project("{FAE04EC0-301F-11D3-BF4B-00C04F79EFBC}") = "HWBUi", "HWBUi\HWBUi.csproj", "{36120B11-C368-4B0E-8165-80AB181A03BC}"
EndProject
Global
	GlobalSection(SolutionConfigurationPlatforms) = preSolution
		Debug|Any CPU = Debug|Any CPU
		Release|Any CPU = Release|Any CPU
	EndGlobalSection
	GlobalSection(ProjectConfigurationPlatforms) = postSolution
		{90E919B6-E0D0-4319-91C3-738B94991C6B}.Debug|Any CPU.ActiveCfg = Debug|Any CPU
		{90E919B6-E0D0-4319-91C3-738B94991C6B}.Debug|Any CPU.Build.0 = Debug|Any CPU
		{90E919B6-E0D0-4319-91C3-738B94991C6B}.Release|Any CPU.ActiveCfg = Release|Any CPU
		{90E919B6-E0D0-4319-91C3-738B94991C6B}.Release|Any CPU.Build.0 = Release|Any CPU
		{36120B11-C368-4B0E-8165-80AB181A03BC}.Debug|Any CPU.ActiveCfg = Debug|Any CPU
		{36120B11-C368-4B0E-8165-80AB181A03BC}.Debug|Any CPU.Build.0 = Debug|Any CPU
		{36120B11-C368-4B0E-8165-80AB181A03BC}.Release|Any CPU.ActiveCfg = Release|Any CPU
		{36120B11-C368-4B0E-8165-80AB181A03BC}.Release|Any CPU.Build.0 = Release|Any CPU
	EndGlobalSection
	GlobalSection(SolutionProperties) = preSolution
		HideSolutionNode = FALSE
	EndGlobalSection
	GlobalSection(ExtensibilityGlobals) = postSolution
		SolutionGuid = {6CF169B3-9270-453C-9EEE-EAD5CB48E15B}
	EndGlobalSection
EndGlobal
